{
  "requires": true,
  "lockfileVersion": 1,
  "dependencies": {
    "props-type": {
      "version": "1.0.1",
      "resolved": "https://registry.npmjs.org/props-type/-/props-type-1.0.1.tgz",
      "integrity": "sha512-Jc84Wrxp8yje+3OaOTLNqsnuWSuAlopobmqk4KVxUGbZ5WbQJm3YoPQDxZiSIaHLA9CTavD45TOIm8u5wwoO2g=="
    }
  }
}
